PODS:
  - Flutter (1.0.0)
  - magnifying_glass (0.0.1):
    - Flutter

DEPENDENCIES:
  - Flutter (from `Flutter`)
  - magnifying_glass (from `.symlinks/plugins/magnifying_glass/ios`)

EXTERNAL SOURCES:
  Flutter:
    :path: Flutter
  magnifying_glass:
    :path: ".symlinks/plugins/magnifying_glass/ios"

SPEC CHECKSUMS:
  Flutter: 50d75fe2f02b26cc09d224853bb45737f8b3214a
  magnifying_glass: 17aa5f2da7dd364096cb47f4fa13f69b40c96f9b

PODFILE CHECKSUM: aafe91acc616949ddb318b77800a7f51bffa2a4c

COCOAPODS: 1.11.2
